
Microsoft Visual Studio Solution File, Format Version 12.00
# Visual Studio 14
VisualStudioVersion = 14.0.25123.0
MinimumVisualStudioVersion = 10.0.40219.1
Project("{FAE04EC0-301F-11D3-BF4B-00C04F79EFBC}") = "CodeEnv.Master.Common", "CodeEnv.Master.Common\CodeEnv.Master.Common.csproj", "{1557C03E-56EE-4C70-9BD8-AB637D3191CF}"
EndProject
Project("{2150E333-8FDC-42A3-9474-1A3956D46DE8}") = "Solution Items", "Solution Items", "{F3C8D421-1D12-4B2D-B500-B261B04BA5C6}"
EndProject
Project("{FAE04EC0-301F-11D3-BF4B-00C04F79EFBC}") = "CodeEnv.Master.Common.Tests", "CodeEnv.Master.Common.Tests\CodeEnv.Master.Common.Tests.csproj", "{67D035D3-27EE-47C3-B3DF-96D43139DB9A}"
EndProject
Project("{FAE04EC0-301F-11D3-BF4B-00C04F79EFBC}") = "CodeEnv.Master.Common.LocalResources", "CodeEnv.Master.Common.LocalResources\CodeEnv.Master.Common.LocalResources.csproj", "{30988A11-A4F0-4FDC-82D5-41B87EA410BE}"
EndProject
Project("{FAE04EC0-301F-11D3-BF4B-00C04F79EFBC}") = "CodeEnv.Master.GameContent", "CodeEnv.Master.GameContent\CodeEnv.Master.GameContent.csproj", "{129DCF86-4FC5-4CAF-AAFE-911EFC560E10}"
EndProject
Project("{FAE04EC0-301F-11D3-BF4B-00C04F79EFBC}") = "CodeEnv.Master.GameScriptsFactory", "CodeEnv.Master.GameScriptsFactory\CodeEnv.Master.GameScriptsFactory.csproj", "{84AB84FA-983B-4FB8-BFD9-34D3B93D8000}"
EndProject
Project("{FAE04EC0-301F-11D3-BF4B-00C04F79EFBC}") = "CodeEnv.Master.GameScriptAssembly", "CodeEnv.Master.GameScriptAssembly\CodeEnv.Master.GameScriptAssembly.csproj", "{9C8574A4-64BA-49B1-B66D-7572ECFFFCFB}"
EndProject
Project("{FAE04EC0-301F-11D3-BF4B-00C04F79EFBC}") = "CodeEnv.Master.EditorScriptsFactory", "CodeEnv.Master.EditorScriptsFactory\CodeEnv.Master.EditorScriptsFactory.csproj", "{F73E89C2-76BB-41CE-9407-E9043058DB70}"
EndProject
Project("{2150E333-8FDC-42A3-9474-1A3956D46DE8}") = "ReferencedProjects", "ReferencedProjects", "{63764D99-5C21-4125-9DB9-F76DE1415D52}"
EndProject
Project("{2150E333-8FDC-42A3-9474-1A3956D46DE8}") = "DataLibrary", "DataLibrary", "{2963CF2F-1606-484D-9F4B-61A9C9872F41}"
	ProjectSection(SolutionItems) = preProject
		DataLibrary\DebugSettings.xml = DataLibrary\DebugSettings.xml
		DataLibrary\FleetIconInfo.xml = DataLibrary\FleetIconInfo.xml
		DataLibrary\GameSpeed.xml = DataLibrary\GameSpeed.xml
		DataLibrary\GeneralSettings.xml = DataLibrary\GeneralSettings.xml
		DataLibrary\GraphicsSettings.xml = DataLibrary\GraphicsSettings.xml
		DataLibrary\LeaderValues.xml = DataLibrary\LeaderValues.xml
		DataLibrary\ResourceID.xml = DataLibrary\ResourceID.xml
		DataLibrary\SpeciesValues.xml = DataLibrary\SpeciesValues.xml
		DataLibrary\UniverseSize.xml = DataLibrary\UniverseSize.xml
	EndProjectSection
EndProject
Project("{2150E333-8FDC-42A3-9474-1A3956D46DE8}") = "Schemas", "Schemas", "{5A9CBCC8-54ED-4987-9001-99015BA18C5C}"
	ProjectSection(SolutionItems) = preProject
		DataLibrary\Schemas\EnumValues.xsd = DataLibrary\Schemas\EnumValues.xsd
		DataLibrary\Schemas\Values.xsd = DataLibrary\Schemas\Values.xsd
	EndProjectSection
EndProject
Project("{FAE04EC0-301F-11D3-BF4B-00C04F79EFBC}") = "Ngui", "..\..\Plugins\Ngui\Ngui.csproj", "{AC0F8B23-DD41-4BAB-A967-AA2C33BB1D0B}"
EndProject
Project("{FAE04EC0-301F-11D3-BF4B-00C04F79EFBC}") = "AStar", "..\..\Plugins\AStar\AStar.csproj", "{7E32BD55-F315-4BDE-885C-646841C273F7}"
EndProject
Project("{FAE04EC0-301F-11D3-BF4B-00C04F79EFBC}") = "AStarEditor", "..\..\Plugins\AStarEditor\AStarEditor.csproj", "{89B92DFD-410D-4E95-BF4E-4A42868C5AE3}"
EndProject
Project("{FAE04EC0-301F-11D3-BF4B-00C04F79EFBC}") = "Vectrosity", "..\..\Plugins\Vectrosity\Vectrosity.csproj", "{742472E2-310C-430C-A59B-1B527D852181}"
EndProject
Project("{FAE04EC0-301F-11D3-BF4B-00C04F79EFBC}") = "SoundManagerPro", "..\..\Plugins\SoundManagerPro\SoundManagerPro.csproj", "{6150DE6A-13CE-45C9-9254-1486A6BC6661}"
EndProject
Project("{FAE04EC0-301F-11D3-BF4B-00C04F79EFBC}") = "NguiEditor", "..\..\Plugins\NguiEditor\NguiEditor.csproj", "{99D34A21-2FF7-4FB8-89B6-2552CE630941}"
EndProject
Project("{2150E333-8FDC-42A3-9474-1A3956D46DE8}") = "DeadCode", "DeadCode", "{F1A439E5-BEAD-4292-B4F1-A14733522D52}"
	ProjectSection(SolutionItems) = preProject
		DeadCode\AAutoPilot.cs = DeadCode\AAutoPilot.cs
		DeadCode\ACmdIconInfoFactory.cs = DeadCode\ACmdIconInfoFactory.cs
		DeadCode\ACmdPublisherBase.cs = DeadCode\ACmdPublisherBase.cs
		DeadCode\ACombatItemData.cs = DeadCode\ACombatItemData.cs
		DeadCode\ACombatItemModel.cs = DeadCode\ACombatItemModel.cs
		DeadCode\ACommandData.cs = DeadCode\ACommandData.cs
		DeadCode\ACommandStats.cs = DeadCode\ACommandStats.cs
		DeadCode\ActiveAIPlayersManager.cs = DeadCode\ActiveAIPlayersManager.cs
		DeadCode\ADiscernibleItemData.cs = DeadCode\ADiscernibleItemData.cs
		DeadCode\AElementData.cs = DeadCode\AElementData.cs
		DeadCode\AElementStats.cs = DeadCode\AElementStats.cs
		DeadCode\AEquipmentTriggerMonitor.cs = DeadCode\AEquipmentTriggerMonitor.cs
		DeadCode\AFocusableItem.cs = DeadCode\AFocusableItem.cs
		DeadCode\AFocusableItemPresenter.cs = DeadCode\AFocusableItemPresenter.cs
		DeadCode\AFocusableItemView.cs = DeadCode\AFocusableItemView.cs
		DeadCode\AFocusablePresenter.cs = DeadCode\AFocusablePresenter.cs
		DeadCode\AFocusableView.cs = DeadCode\AFocusableView.cs
		DeadCode\AFollowableItem.cs = DeadCode\AFollowableItem.cs
		DeadCode\AFollowableView.cs = DeadCode\AFollowableView.cs
		DeadCode\AGameInputConfiguration.cs = DeadCode\AGameInputConfiguration.cs
		DeadCode\AGameObjectManager.cs = DeadCode\AGameObjectManager.cs
		DeadCode\AGraphics.cs = DeadCode\AGraphics.cs
		DeadCode\AGuiCursorHudTextFactory.cs = DeadCode\AGuiCursorHudTextFactory.cs
		DeadCode\AGuiEnumPopupList.cs = DeadCode\AGuiEnumPopupList.cs
		DeadCode\AGuiHudPublisher.cs = DeadCode\AGuiHudPublisher.cs
		DeadCode\AGuiHudTextFactory.cs = DeadCode\AGuiHudTextFactory.cs
		DeadCode\AGuiPopupList.cs = DeadCode\AGuiPopupList.cs
		DeadCode\AGuiStringPopupList.cs = DeadCode\AGuiStringPopupList.cs
		DeadCode\AHud.cs = DeadCode\AHud.cs
		DeadCode\AHudForm.cs = DeadCode\AHudForm.cs
		DeadCode\AHudFormContent.cs = DeadCode\AHudFormContent.cs
		DeadCode\AHudManager.cs = DeadCode\AHudManager.cs
		DeadCode\AIconInfo.cs = DeadCode\AIconInfo.cs
		DeadCode\AIconInfoFactory.cs = DeadCode\AIconInfoFactory.cs
		DeadCode\AInputManager.cs = DeadCode\AInputManager.cs
		DeadCode\AIntelItemLabelTextFactory.cs = DeadCode\AIntelItemLabelTextFactory.cs
		DeadCode\AItem.cs = DeadCode\AItem.cs
		DeadCode\AItemData.cs = DeadCode\AItemData.cs
		DeadCode\AItemLabelTextFactory.cs = DeadCode\AItemLabelTextFactory.cs
		DeadCode\AItemModel.cs = DeadCode\AItemModel.cs
		DeadCode\AItemPresenter.cs = DeadCode\AItemPresenter.cs
		DeadCode\AItemStats.cs = DeadCode\AItemStats.cs
		DeadCode\AItemTableRowHudForm.cs = DeadCode\AItemTableRowHudForm.cs
		DeadCode\AItemView.cs = DeadCode\AItemView.cs
		DeadCode\ALabelFormatter.cs = DeadCode\ALabelFormatter.cs
		DeadCode\ALabelFormatterBase.cs = DeadCode\ALabelFormatterBase.cs
		DeadCode\ALabelText.cs = DeadCode\ALabelText.cs
		DeadCode\ALabelTextFactory.cs = DeadCode\ALabelTextFactory.cs
		DeadCode\AllPlayersKnowledge.cs = DeadCode\AllPlayersKnowledge.cs
		DeadCode\AMonitor.cs = DeadCode\AMonitor.cs
		DeadCode\AMonoBaseSingleton.cs = DeadCode\AMonoBaseSingleton.cs
		DeadCode\AMonoBehaviourBaseSingletonInstanceIdentity.cs = DeadCode\AMonoBehaviourBaseSingletonInstanceIdentity.cs
		DeadCode\AMonoStateMachineSingleton.cs = DeadCode\AMonoStateMachineSingleton.cs
		DeadCode\AMortalFocusablePresenter.cs = DeadCode\AMortalFocusablePresenter.cs
		DeadCode\AMortalItemData.cs = DeadCode\AMortalItemData.cs
		DeadCode\AMortalItemModel.cs = DeadCode\AMortalItemModel.cs
		DeadCode\AMortalItemModelStateMachine.cs = DeadCode\AMortalItemModelStateMachine.cs
		DeadCode\AMortalItemPresenter.cs = DeadCode\AMortalItemPresenter.cs
		DeadCode\AMortalItemView.cs = DeadCode\AMortalItemView.cs
		DeadCode\ANavigator.cs = DeadCode\ANavigator.cs
		DeadCode\ANavigator2.cs = DeadCode\ANavigator2.cs
		DeadCode\AOrbitSlot.cs = DeadCode\AOrbitSlot.cs
		DeadCode\AOrdnance.cs = DeadCode\AOrdnance.cs
		DeadCode\AOrdnance_UnPooled.cs = DeadCode\AOrdnance_UnPooled.cs
		DeadCode\AOwnedItemModel.cs = DeadCode\AOwnedItemModel.cs
		DeadCode\APlanetoidData.cs = DeadCode\APlanetoidData.cs
		DeadCode\APlanetoidModel.cs = DeadCode\APlanetoidModel.cs
		DeadCode\APlanetoidView.cs = DeadCode\APlanetoidView.cs
		DeadCode\APopupWindow.cs = DeadCode\APopupWindow.cs
		DeadCode\APresenter.cs = DeadCode\APresenter.cs
		DeadCode\AProjectileOrdnance_UnPooled.cs = DeadCode\AProjectileOrdnance_UnPooled.cs
		DeadCode\ARangedEquipmentMonitor.cs = DeadCode\ARangedEquipmentMonitor.cs
		DeadCode\AReport.cs = DeadCode\AReport.cs
		DeadCode\AReportGenerator.cs = DeadCode\AReportGenerator.cs
		DeadCode\AStateMachine.cs = DeadCode\AStateMachine.cs
		DeadCode\ATriggerMonitor.cs = DeadCode\ATriggerMonitor.cs
		DeadCode\AUnitBaseCmdModel.cs = DeadCode\AUnitBaseCmdModel.cs
		DeadCode\AUnitCommandModel.cs = DeadCode\AUnitCommandModel.cs
		DeadCode\AUnitCommandPresenter.cs = DeadCode\AUnitCommandPresenter.cs
		DeadCode\AUnitCommandView.cs = DeadCode\AUnitCommandView.cs
		DeadCode\AUnitElementModel.cs = DeadCode\AUnitElementModel.cs
		DeadCode\AUnitElementPresenter.cs = DeadCode\AUnitElementPresenter.cs
		DeadCode\AUnitElementView.cs = DeadCode\AUnitElementView.cs
		DeadCode\AutoPilot.cs = DeadCode\AutoPilot.cs
		DeadCode\AView.cs = DeadCode\AView.cs
		DeadCode\BaseComposition.cs = DeadCode\BaseComposition.cs
		DeadCode\BaseOrder.cs = DeadCode\BaseOrder.cs
		DeadCode\BasesScreenManager.cs = DeadCode\BasesScreenManager.cs
		DeadCode\BaseState.cs = DeadCode\BaseState.cs
		DeadCode\Beam_UnPooled.cs = DeadCode\Beam_UnPooled.cs
		DeadCode\BeamWeaponStat.cs = DeadCode\BeamWeaponStat.cs
		DeadCode\BuildNewGameEvent.cs = DeadCode\BuildNewGameEvent.cs
		DeadCode\Bullet_UnPooled.cs = DeadCode\Bullet_UnPooled.cs
		DeadCode\CameraControl.cs = DeadCode\CameraControl.cs
		DeadCode\CameraControl_1.cs = DeadCode\CameraControl_1.cs
		DeadCode\CameraFacing.cs = DeadCode\CameraFacing.cs
		DeadCode\CameraLOSChangedRelay.cs = DeadCode\CameraLOSChangedRelay.cs
		DeadCode\CameraRollOptionChangedEvent.cs = DeadCode\CameraRollOptionChangedEvent.cs
		DeadCode\CameraUnitBaseCmdStat.cs = DeadCode\CameraUnitBaseCmdStat.cs
		DeadCode\CelestialOrbitSlot.cs = DeadCode\CelestialOrbitSlot.cs
		DeadCode\CmdHudManager.cs = DeadCode\CmdHudManager.cs
		DeadCode\ColliderExtensions.cs = DeadCode\ColliderExtensions.cs
		DeadCode\ColliderRelay.cs = DeadCode\ColliderRelay.cs
		DeadCode\ColoredText.cs = DeadCode\ColoredText.cs
		DeadCode\ColoredTextList.cs = DeadCode\ColoredTextList.cs
		DeadCode\ColoredTextList_String.cs = DeadCode\ColoredTextList_String.cs
		DeadCode\ColoredTextList`1.cs = DeadCode\ColoredTextList`1.cs
		DeadCode\CombatStrength.cs = DeadCode\CombatStrength.cs
		DeadCode\CoroutineManager.cs = DeadCode\CoroutineManager.cs
		DeadCode\CoroutineNode.cs = DeadCode\CoroutineNode.cs
		DeadCode\CoroutineScheduler.cs = DeadCode\CoroutineScheduler.cs
		DeadCode\Countermeasure.cs = DeadCode\Countermeasure.cs
		DeadCode\CountermeasureStat.cs = DeadCode\CountermeasureStat.cs
		DeadCode\DebugHud.cs = DeadCode\DebugHud.cs
		DeadCode\DebugHudLineKeys.cs = DeadCode\DebugHudLineKeys.cs
		DeadCode\DebugHudText.cs = DeadCode\DebugHudText.cs
		DeadCode\DisplayTargetID.cs = DeadCode\DisplayTargetID.cs
		DeadCode\ElementItemAnimator.cs = DeadCode\ElementItemAnimator.cs
		DeadCode\ElementReadyEvent.cs = DeadCode\ElementReadyEvent.cs
		DeadCode\EngineRoom.cs = DeadCode\EngineRoom.cs
		DeadCode\ExitGameEvent.cs = DeadCode\ExitGameEvent.cs
		DeadCode\FacilityData.cs = DeadCode\FacilityData.cs
		DeadCode\FacilityGuiHudTextFactory.cs = DeadCode\FacilityGuiHudTextFactory.cs
		DeadCode\FacilityLabelFormatter.cs = DeadCode\FacilityLabelFormatter.cs
		DeadCode\FacilityLabelTextFactory.cs = DeadCode\FacilityLabelTextFactory.cs
		DeadCode\FacilityModel.cs = DeadCode\FacilityModel.cs
		DeadCode\FacilityPresenter.cs = DeadCode\FacilityPresenter.cs
		DeadCode\FacilityReportGenerator.cs = DeadCode\FacilityReportGenerator.cs
		DeadCode\FacilityStat.cs = DeadCode\FacilityStat.cs
		DeadCode\FacilityState.cs = DeadCode\FacilityState.cs
		DeadCode\FacilityStats.cs = DeadCode\FacilityStats.cs
		DeadCode\FacilityView.cs = DeadCode\FacilityView.cs
		DeadCode\FixedIntel.cs = DeadCode\FixedIntel.cs
		DeadCode\FleetAdmiralIcon.cs = DeadCode\FleetAdmiralIcon.cs
		DeadCode\FleetAutoPilot.cs = DeadCode\FleetAutoPilot.cs
		DeadCode\FleetAutoPilot2.cs = DeadCode\FleetAutoPilot2.cs
		DeadCode\FleetCmdData.cs = DeadCode\FleetCmdData.cs
		DeadCode\FleetCmdModel.cs = DeadCode\FleetCmdModel.cs
		DeadCode\FleetCmdPresenter.cs = DeadCode\FleetCmdPresenter.cs
		DeadCode\FleetCmdPresenter_AI.cs = DeadCode\FleetCmdPresenter_AI.cs
		DeadCode\FleetCmdPresenter_Player.cs = DeadCode\FleetCmdPresenter_Player.cs
		DeadCode\FleetCmdStat.cs = DeadCode\FleetCmdStat.cs
		DeadCode\FleetCmdStats.cs = DeadCode\FleetCmdStats.cs
		DeadCode\FleetCmdView.cs = DeadCode\FleetCmdView.cs
		DeadCode\FleetCmdView_AI.cs = DeadCode\FleetCmdView_AI.cs
		DeadCode\FleetCmdView_Player.cs = DeadCode\FleetCmdView_Player.cs
		DeadCode\FleetCommand.cs = DeadCode\FleetCommand.cs
		DeadCode\FleetComposition.cs = DeadCode\FleetComposition.cs
		DeadCode\FleetFormationStation2.cs = DeadCode\FleetFormationStation2.cs
		DeadCode\FleetGraphics.cs = DeadCode\FleetGraphics.cs
		DeadCode\FleetGuiHudTextFactory.cs = DeadCode\FleetGuiHudTextFactory.cs
		DeadCode\FleetIconInfo.cs = DeadCode\FleetIconInfo.cs
		DeadCode\FleetIconInfoFactory.cs = DeadCode\FleetIconInfoFactory.cs
		DeadCode\FleetIdleTask.cs = DeadCode\FleetIdleTask.cs
		DeadCode\FleetItem.cs = DeadCode\FleetItem.cs
		DeadCode\FleetLabelFormatter.cs = DeadCode\FleetLabelFormatter.cs
		DeadCode\FleetLabelTextFactory.cs = DeadCode\FleetLabelTextFactory.cs
		DeadCode\FleetManager.cs = DeadCode\FleetManager.cs
		DeadCode\FleetMoveTask.cs = DeadCode\FleetMoveTask.cs
		DeadCode\FleetNavigator.cs = DeadCode\FleetNavigator.cs
		DeadCode\FleetPathfinderAI.cs = DeadCode\FleetPathfinderAI.cs
		DeadCode\FleetPresenter.cs = DeadCode\FleetPresenter.cs
		DeadCode\FleetReportGenerator.cs = DeadCode\FleetReportGenerator.cs
		DeadCode\FleetsScreenManager.cs = DeadCode\FleetsScreenManager.cs
		DeadCode\FleetState.cs = DeadCode\FleetState.cs
		DeadCode\FleetView.cs = DeadCode\FleetView.cs
		DeadCode\FocusableItemControl.cs = DeadCode\FocusableItemControl.cs
		DeadCode\FollowableItem.cs = DeadCode\FollowableItem.cs
		DeadCode\FollowableItemControl.cs = DeadCode\FollowableItemControl.cs
		DeadCode\FormationFactory.cs = DeadCode\FormationFactory.cs
		DeadCode\FormationGenerator.cs = DeadCode\FormationGenerator.cs
		DeadCode\FormationStationMonitor.cs = DeadCode\FormationStationMonitor.cs
		DeadCode\FpsReadoutGuiText.cs = DeadCode\FpsReadoutGuiText.cs
		DeadCode\FramesLastUpdate.cs = DeadCode\FramesLastUpdate.cs
		DeadCode\GameClockCommand.cs = DeadCode\GameClockCommand.cs
		DeadCode\GameClockEvent.cs = DeadCode\GameClockEvent.cs
		DeadCode\GameClockGuiManager.cs = DeadCode\GameClockGuiManager.cs
		DeadCode\GameClockSpeed_Values.cs = DeadCode\GameClockSpeed_Values.cs
		DeadCode\GameDate.cs = DeadCode\GameDate.cs
		DeadCode\GameInput.cs = DeadCode\GameInput.cs
		DeadCode\GameInputHelper.cs = DeadCode\GameInputHelper.cs
		DeadCode\GameInputManager.cs = DeadCode\GameInputManager.cs
		DeadCode\GameManager.cs = DeadCode\GameManager.cs
		DeadCode\GameManager_1.cs = DeadCode\GameManager_1.cs
		DeadCode\GameOptionsGuiManager.cs = DeadCode\GameOptionsGuiManager.cs
		DeadCode\GamePauseState.cs = DeadCode\GamePauseState.cs
		DeadCode\GamePauseStateChangeEvent.cs = DeadCode\GamePauseStateChangeEvent.cs
		DeadCode\GamePauseStateChangingEvent.cs = DeadCode\GamePauseStateChangingEvent.cs
		DeadCode\GamePlayOptionsAcceptedEvent.cs = DeadCode\GamePlayOptionsAcceptedEvent.cs
		DeadCode\GameSpeedChangeEvent.cs = DeadCode\GameSpeedChangeEvent.cs
		DeadCode\GameStateChangedEvent.cs = DeadCode\GameStateChangedEvent.cs
		DeadCode\GameStateChangingEvent.cs = DeadCode\GameStateChangingEvent.cs
		DeadCode\GameStatus.cs = DeadCode\GameStatus.cs
		DeadCode\GameTime.cs = DeadCode\GameTime.cs
		DeadCode\GameTimeDuration.cs = DeadCode\GameTimeDuration.cs
		DeadCode\GameTimePeriod.cs = DeadCode\GameTimePeriod.cs
		DeadCode\GlobeManager.cs = DeadCode\GlobeManager.cs
		DeadCode\GraphicsOptionsAcceptedEvent.cs = DeadCode\GraphicsOptionsAcceptedEvent.cs
		DeadCode\GuiCameraRollOption.cs = DeadCode\GuiCameraRollOption.cs
		DeadCode\GuiCheckboxBase.cs = DeadCode\GuiCheckboxBase.cs
		DeadCode\GuiCursorHud.cs = DeadCode\GuiCursorHud.cs
		DeadCode\GuiCursorHudTextFactory_Fleet.cs = DeadCode\GuiCursorHudTextFactory_Fleet.cs
		DeadCode\GuiCursorHudTextFactory_Ship.cs = DeadCode\GuiCursorHudTextFactory_Ship.cs
		DeadCode\GuiCursorHudTextFactory_System.cs = DeadCode\GuiCursorHudTextFactory_System.cs
		DeadCode\GuiElementFactory.cs = DeadCode\GuiElementFactory.cs
		DeadCode\GuiFollowerLabel.cs = DeadCode\GuiFollowerLabel.cs
		DeadCode\GuiGameSpeedOnLoadOption.cs = DeadCode\GuiGameSpeedOnLoadOption.cs
		DeadCode\GuiHudLineKeys.cs = DeadCode\GuiHudLineKeys.cs
		DeadCode\GuiHudPublisher.cs = DeadCode\GuiHudPublisher.cs
		DeadCode\GuiHudText.cs = DeadCode\GuiHudText.cs
		DeadCode\GuiHudTextFactory.cs = DeadCode\GuiHudTextFactory.cs
		DeadCode\GuiLabelText.cs = DeadCode\GuiLabelText.cs
		DeadCode\GuiLocationElement.cs = DeadCode\GuiLocationElement.cs
		DeadCode\GuiManagerBase.cs = DeadCode\GuiManagerBase.cs
		DeadCode\GuiMenuActivate.cs = DeadCode\GuiMenuActivate.cs
		DeadCode\GuiMenuCancelButton.cs = DeadCode\GuiMenuCancelButton.cs
		DeadCode\GuiNewGameMenuLaunchButton.cs = DeadCode\GuiNewGameMenuLaunchButton.cs
		DeadCode\GuiPauseOnLoadOption.cs = DeadCode\GuiPauseOnLoadOption.cs
		DeadCode\GuiPauseRequestEvent.cs = DeadCode\GuiPauseRequestEvent.cs
		DeadCode\GuiPlayerColorPopupList.cs = DeadCode\GuiPlayerColorPopupList.cs
		DeadCode\GuiPopupListBase.cs = DeadCode\GuiPopupListBase.cs
		DeadCode\GuiPrefabLinker.cs = DeadCode\GuiPrefabLinker.cs
		DeadCode\GuiResetOnFocusOption.cs = DeadCode\GuiResetOnFocusOption.cs
		DeadCode\GuiSelectedReadout.cs = DeadCode\GuiSelectedReadout.cs
		DeadCode\GuiSizeElement.cs = DeadCode\GuiSizeElement.cs
		DeadCode\GuiStrengthElement.cs = DeadCode\GuiStrengthElement.cs
		DeadCode\GuiTrackingLabel.cs = DeadCode\GuiTrackingLabel.cs
		DeadCode\GuiUniverseSizeSetting.cs = DeadCode\GuiUniverseSizeSetting.cs
		DeadCode\GuiVisibilityChangeEvent.cs = DeadCode\GuiVisibilityChangeEvent.cs
		DeadCode\GuiVisibilityMode.cs = DeadCode\GuiVisibilityMode.cs
		DeadCode\GuiVisibilityModeControlButton.cs = DeadCode\GuiVisibilityModeControlButton.cs
		DeadCode\GuiVisibilityModeControlButtonEditor.cs = DeadCode\GuiVisibilityModeControlButtonEditor.cs
		DeadCode\GuiZoomOutOnCursorOption.cs = DeadCode\GuiZoomOutOnCursorOption.cs
		DeadCode\HealthGuiElement.cs = DeadCode\HealthGuiElement.cs
		DeadCode\Helm.cs = DeadCode\Helm.cs
		DeadCode\HudFormID.cs = DeadCode\HudFormID.cs
		DeadCode\HudPublisher.cs = DeadCode\HudPublisher.cs
		DeadCode\HumanPlayer.cs = DeadCode\HumanPlayer.cs
		DeadCode\IAllPlayersKnowledge.cs = DeadCode\IAllPlayersKnowledge.cs
		DeadCode\IAnimator.cs = DeadCode\IAnimator.cs
		DeadCode\IBaseCmdTarget.cs = DeadCode\IBaseCmdTarget.cs
		DeadCode\IBeamOrdnance.cs = DeadCode\IBeamOrdnance.cs
		DeadCode\ICameraLOSChangedClient.cs = DeadCode\ICameraLOSChangedClient.cs
		DeadCode\ICameraLOSChangedRelay.cs = DeadCode\ICameraLOSChangedRelay.cs
		DeadCode\ICmdModel.cs = DeadCode\ICmdModel.cs
		DeadCode\ICmdPublisherClient.cs = DeadCode\ICmdPublisherClient.cs
		DeadCode\ICmdTarget.cs = DeadCode\ICmdTarget.cs
		DeadCode\IColliderRelayTarget.cs = DeadCode\IColliderRelayTarget.cs
		DeadCode\IColoredTextList.cs = DeadCode\IColoredTextList.cs
		DeadCode\ICombatTarget.cs = DeadCode\ICombatTarget.cs
		DeadCode\ICommandViewable.cs = DeadCode\ICommandViewable.cs
		DeadCode\IData.cs = DeadCode\IData.cs
		DeadCode\IDebugHud.cs = DeadCode\IDebugHud.cs
		DeadCode\IDiscernibleItem.cs = DeadCode\IDiscernibleItem.cs
		DeadCode\IElementModel.cs = DeadCode\IElementModel.cs
		DeadCode\IElementTarget.cs = DeadCode\IElementTarget.cs
		DeadCode\IElementViewable.cs = DeadCode\IElementViewable.cs
		DeadCode\IFacilityModel.cs = DeadCode\IFacilityModel.cs
		DeadCode\IFacilityViewable.cs = DeadCode\IFacilityViewable.cs
		DeadCode\IFleetCmdModel.cs = DeadCode\IFleetCmdModel.cs
		DeadCode\IFleetCmdTarget.cs = DeadCode\IFleetCmdTarget.cs
		DeadCode\IFleetCmdViewable.cs = DeadCode\IFleetCmdViewable.cs
		DeadCode\IFleetCommand.cs = DeadCode\IFleetCommand.cs
		DeadCode\IFleetViewable.cs = DeadCode\IFleetViewable.cs
		DeadCode\IFormationStation.cs = DeadCode\IFormationStation.cs
		DeadCode\IGameDate.cs = DeadCode\IGameDate.cs
		DeadCode\IGuiHud.cs = DeadCode\IGuiHud.cs
		DeadCode\IGuiHudPublisher.cs = DeadCode\IGuiHudPublisher.cs
		DeadCode\IGuiHudTextFactory.cs = DeadCode\IGuiHudTextFactory.cs
		DeadCode\IGuiTrackable.cs = DeadCode\IGuiTrackable.cs
		DeadCode\IHasData.cs = DeadCode\IHasData.cs
		DeadCode\IHighlightTrackingLabel.cs = DeadCode\IHighlightTrackingLabel.cs
		DeadCode\IHud.cs = DeadCode\IHud.cs
		DeadCode\IIconInfo.cs = DeadCode\IIconInfo.cs
		DeadCode\IIntel.cs = DeadCode\IIntel.cs
		DeadCode\IInterceptableOrdnance_UnPooled.cs = DeadCode\IInterceptableOrdnance_UnPooled.cs
		DeadCode\ILabelFormatter.cs = DeadCode\ILabelFormatter.cs
		DeadCode\IModel.cs = DeadCode\IModel.cs
		DeadCode\IMoonModel.cs = DeadCode\IMoonModel.cs
		DeadCode\IMortalModel.cs = DeadCode\IMortalModel.cs
		DeadCode\IMortalTarget.cs = DeadCode\IMortalTarget.cs
		DeadCode\IMortalViewable.cs = DeadCode\IMortalViewable.cs
		DeadCode\Intel.cs = DeadCode\Intel.cs
		DeadCode\IntelFreshness.cs = DeadCode\IntelFreshness.cs
		DeadCode\IntelLabelText.cs = DeadCode\IntelLabelText.cs
		DeadCode\IntelLevel.cs = DeadCode\IntelLevel.cs
		DeadCode\IntelSource.cs = DeadCode\IntelSource.cs
		DeadCode\IOrdnance.cs = DeadCode\IOrdnance.cs
		DeadCode\IOrdnance_UnPooled.cs = DeadCode\IOrdnance_UnPooled.cs
		DeadCode\IOwnedTarget.cs = DeadCode\IOwnedTarget.cs
		DeadCode\IPlanetModel.cs = DeadCode\IPlanetModel.cs
		DeadCode\IPlanetoidModel.cs = DeadCode\IPlanetoidModel.cs
		DeadCode\IPlanetoidTarget.cs = DeadCode\IPlanetoidTarget.cs
		DeadCode\IPlayer.cs = DeadCode\IPlayer.cs
		DeadCode\IProjectileOrdnance.cs = DeadCode\IProjectileOrdnance.cs
		DeadCode\IRangeTracker.cs = DeadCode\IRangeTracker.cs
		DeadCode\ISectorModel.cs = DeadCode\ISectorModel.cs
		DeadCode\ISectorTarget.cs = DeadCode\ISectorTarget.cs
		DeadCode\ISettlementCmdModel.cs = DeadCode\ISettlementCmdModel.cs
		DeadCode\ISettlementViewable.cs = DeadCode\ISettlementViewable.cs
		DeadCode\IShipModel.cs = DeadCode\IShipModel.cs
		DeadCode\IShipTarget.cs = DeadCode\IShipTarget.cs
		DeadCode\IShipViewable.cs = DeadCode\IShipViewable.cs
		DeadCode\IStarbaseCmdModel.cs = DeadCode\IStarbaseCmdModel.cs
		DeadCode\IStarBaseViewable.cs = DeadCode\IStarBaseViewable.cs
		DeadCode\IStarModel.cs = DeadCode\IStarModel.cs
		DeadCode\IStarTarget.cs = DeadCode\IStarTarget.cs
		DeadCode\ISystemModel.cs = DeadCode\ISystemModel.cs
		DeadCode\ISystemPublisherClient.cs = DeadCode\ISystemPublisherClient.cs
		DeadCode\ISystemTarget.cs = DeadCode\ISystemTarget.cs
		DeadCode\ISystemViewable.cs = DeadCode\ISystemViewable.cs
		DeadCode\ITarget.cs = DeadCode\ITarget.cs
		DeadCode\ItemData.cs = DeadCode\ItemData.cs
		DeadCode\ItemGraphics.cs = DeadCode\ItemGraphics.cs
		DeadCode\ITopographyMonitorable.cs = DeadCode\ITopographyMonitorable.cs
		DeadCode\IUnitFactory.cs = DeadCode\IUnitFactory.cs
		DeadCode\IUnitTarget.cs = DeadCode\IUnitTarget.cs
		DeadCode\IUniverseCenterModel.cs = DeadCode\IUniverseCenterModel.cs
		DeadCode\IUniverseCenterTarget.cs = DeadCode\IUniverseCenterTarget.cs
		DeadCode\IViewable.cs = DeadCode\IViewable.cs
		DeadCode\IWeaponRangeMonitor.cs = DeadCode\IWeaponRangeMonitor.cs
		DeadCode\IZoomToClosest.cs = DeadCode\IZoomToClosest.cs
		DeadCode\KeyboardAxis.cs = DeadCode\KeyboardAxis.cs
		DeadCode\LabelContentID.cs = DeadCode\LabelContentID.cs
		DeadCode\LabelLineID.cs = DeadCode\LabelLineID.cs
		DeadCode\LabelPublisher.cs = DeadCode\LabelPublisher.cs
		DeadCode\LabelText.cs = DeadCode\LabelText.cs
		DeadCode\LeaderFactory.cs = DeadCode\LeaderFactory.cs
		DeadCode\LoadSavedGameEvent.cs = DeadCode\LoadSavedGameEvent.cs
		DeadCode\LobbyInputManager.cs = DeadCode\LobbyInputManager.cs
		DeadCode\LOSWeaponMount.cs = DeadCode\LOSWeaponMount.cs
		DeadCode\Missile_UnPooled.cs = DeadCode\Missile_UnPooled.cs
		DeadCode\MissileWeaponMount.cs = DeadCode\MissileWeaponMount.cs
		DeadCode\MonoGameManager.cs = DeadCode\MonoGameManager.cs
		DeadCode\MoonData.cs = DeadCode\MoonData.cs
		DeadCode\MoonGuiHudTextFactory.cs = DeadCode\MoonGuiHudTextFactory.cs
		DeadCode\MoonModel.cs = DeadCode\MoonModel.cs
		DeadCode\MoonPresenter.cs = DeadCode\MoonPresenter.cs
		DeadCode\MoonView.cs = DeadCode\MoonView.cs
		DeadCode\MortalDetectionHandler.cs = DeadCode\MortalDetectionHandler.cs
		DeadCode\MortalItemAnimator.cs = DeadCode\MortalItemAnimator.cs
		DeadCode\MortalItemDeathEvent.cs = DeadCode\MortalItemDeathEvent.cs
		DeadCode\MyAStarPointGraph.cs = DeadCode\MyAStarPointGraph.cs
		DeadCode\MyAStarPointGraphEditor.cs = DeadCode\MyAStarPointGraphEditor.cs
		DeadCode\MyCtxPickHandler.cs = DeadCode\MyCtxPickHandler.cs
		DeadCode\MyNguiButtonPlayAnimation.cs = DeadCode\MyNguiButtonPlayAnimation.cs
		DeadCode\NavigationValues.cs = DeadCode\NavigationValues.cs
		DeadCode\Navigator.cs = DeadCode\Navigator.cs
		DeadCode\NguiGenericEventHandler.cs = DeadCode\NguiGenericEventHandler.cs
		DeadCode\OpeResourceID.cs = DeadCode\OpeResourceID.cs
		DeadCode\OpeResourceYield.cs = DeadCode\OpeResourceYield.cs
		DeadCode\OpeYield.cs = DeadCode\OpeYield.cs
		DeadCode\OrbitalPlane.cs = DeadCode\OrbitalPlane.cs
		DeadCode\OrbitalPlaneManager.cs = DeadCode\OrbitalPlaneManager.cs
		DeadCode\OrbitalSlot.cs = DeadCode\OrbitalSlot.cs
		DeadCode\PathfindingLine.cs = DeadCode\PathfindingLine.cs
		DeadCode\PauseCommand.cs = DeadCode\PauseCommand.cs
		DeadCode\PlanetData.cs = DeadCode\PlanetData.cs
		DeadCode\PlanetGuiHudTextFactory.cs = DeadCode\PlanetGuiHudTextFactory.cs
		DeadCode\PlanetModel.cs = DeadCode\PlanetModel.cs
		DeadCode\PlanetoidData.cs = DeadCode\PlanetoidData.cs
		DeadCode\PlanetoidGuiHudTextFactory.cs = DeadCode\PlanetoidGuiHudTextFactory.cs
		DeadCode\PlanetoidLabelFormatter.cs = DeadCode\PlanetoidLabelFormatter.cs
		DeadCode\PlanetoidLabelTextFactory.cs = DeadCode\PlanetoidLabelTextFactory.cs
		DeadCode\PlanetoidModel.cs = DeadCode\PlanetoidModel.cs
		DeadCode\PlanetoidPresenter.cs = DeadCode\PlanetoidPresenter.cs
		DeadCode\PlanetoidReportGenerator.cs = DeadCode\PlanetoidReportGenerator.cs
		DeadCode\PlanetoidState.cs = DeadCode\PlanetoidState.cs
		DeadCode\PlanetoidView.cs = DeadCode\PlanetoidView.cs
		DeadCode\PlanetPresenter.cs = DeadCode\PlanetPresenter.cs
		DeadCode\PlanetView.cs = DeadCode\PlanetView.cs
		DeadCode\PlasmaBeam.cs = DeadCode\PlasmaBeam.cs
		DeadCode\PlayerColorManager.cs = DeadCode\PlayerColorManager.cs
		DeadCode\PlayerPrefsManager.cs = DeadCode\PlayerPrefsManager.cs
		DeadCode\PlayerPrefsManager1.cs = DeadCode\PlayerPrefsManager1.cs
		DeadCode\PlayerSettingsSetup.cs = DeadCode\PlayerSettingsSetup.cs
		DeadCode\PlayersKnowledge.cs = DeadCode\PlayersKnowledge.cs
		DeadCode\Race.cs = DeadCode\Race.cs
		DeadCode\RaceStat.cs = DeadCode\RaceStat.cs
		DeadCode\RangeTracker.cs = DeadCode\RangeTracker.cs
		DeadCode\RareResourceExtensions.cs = DeadCode\RareResourceExtensions.cs
		DeadCode\RareResourceID.cs = DeadCode\RareResourceID.cs
		DeadCode\RareResourcesGuiElement.cs = DeadCode\RareResourcesGuiElement.cs
		DeadCode\RareResourceYield.cs = DeadCode\RareResourceYield.cs
		DeadCode\ReportHudFormContent.cs = DeadCode\ReportHudFormContent.cs
		DeadCode\ResetOnFocusOptionChangedEvent.cs = DeadCode\ResetOnFocusOptionChangedEvent.cs
		DeadCode\ResourceHudForm.cs = DeadCode\ResourceHudForm.cs
		DeadCode\ResourceHudFormContent.cs = DeadCode\ResourceHudFormContent.cs
		DeadCode\ResourceInfo.cs = DeadCode\ResourceInfo.cs
		DeadCode\ResourceInfoFactory.cs = DeadCode\ResourceInfoFactory.cs
		DeadCode\RowGuiElement.cs = DeadCode\RowGuiElement.cs
		DeadCode\SaveGameEvent.cs = DeadCode\SaveGameEvent.cs
		DeadCode\ScaleSpriteRelativeToCamera.cs = DeadCode\ScaleSpriteRelativeToCamera.cs
		DeadCode\SceneChangedEvent.cs = DeadCode\SceneChangedEvent.cs
		DeadCode\SceneChangingEvent.cs = DeadCode\SceneChangingEvent.cs
		DeadCode\SceneStartupSequenceEvent.cs = DeadCode\SceneStartupSequenceEvent.cs
		DeadCode\SceneStartupSequencer.cs = DeadCode\SceneStartupSequencer.cs
		DeadCode\Sector.cs = DeadCode\Sector.cs
		DeadCode\SectorData.cs = DeadCode\SectorData.cs
		DeadCode\SectorGuiHudTextFactory.cs = DeadCode\SectorGuiHudTextFactory.cs
		DeadCode\SectorHudManager.cs = DeadCode\SectorHudManager.cs
		DeadCode\SectorItem.cs = DeadCode\SectorItem.cs
		DeadCode\SectorLabelFormatter.cs = DeadCode\SectorLabelFormatter.cs
		DeadCode\SectorLabelText.cs = DeadCode\SectorLabelText.cs
		DeadCode\SectorLabelTextFactory.cs = DeadCode\SectorLabelTextFactory.cs
		DeadCode\SectorModel.cs = DeadCode\SectorModel.cs
		DeadCode\SectorPresenter.cs = DeadCode\SectorPresenter.cs
		DeadCode\SectorReportGenerator.cs = DeadCode\SectorReportGenerator.cs
		DeadCode\SectorView.cs = DeadCode\SectorView.cs
		DeadCode\SeekerMissile.cs = DeadCode\SeekerMissile.cs
		DeadCode\SeekerProjectile.cs = DeadCode\SeekerProjectile.cs
		DeadCode\SelectedItemHudForm.cs = DeadCode\SelectedItemHudForm.cs
		DeadCode\SelectedItemHudFormContent.cs = DeadCode\SelectedItemHudFormContent.cs
		DeadCode\SelectedSettlementHudForm.cs = DeadCode\SelectedSettlementHudForm.cs
		DeadCode\SettlementCmdData.cs = DeadCode\SettlementCmdData.cs
		DeadCode\SettlementCmdModel.cs = DeadCode\SettlementCmdModel.cs
		DeadCode\SettlementCmdPresenter.cs = DeadCode\SettlementCmdPresenter.cs
		DeadCode\SettlementCmdPresenter_AI.cs = DeadCode\SettlementCmdPresenter_AI.cs
		DeadCode\SettlementCmdPresenter_Player.cs = DeadCode\SettlementCmdPresenter_Player.cs
		DeadCode\SettlementCmdStat.cs = DeadCode\SettlementCmdStat.cs
		DeadCode\SettlementCmdStats.cs = DeadCode\SettlementCmdStats.cs
		DeadCode\SettlementCmdView.cs = DeadCode\SettlementCmdView.cs
		DeadCode\SettlementCmdView_AI.cs = DeadCode\SettlementCmdView_AI.cs
		DeadCode\SettlementCmdView_Player.cs = DeadCode\SettlementCmdView_Player.cs
		DeadCode\SettlementDirective.cs = DeadCode\SettlementDirective.cs
		DeadCode\SettlementGuiHudTextFactory.cs = DeadCode\SettlementGuiHudTextFactory.cs
		DeadCode\SettlementIconInfoFactory.cs = DeadCode\SettlementIconInfoFactory.cs
		DeadCode\SettlementLabelFormatter.cs = DeadCode\SettlementLabelFormatter.cs
		DeadCode\SettlementLabelTextFactory.cs = DeadCode\SettlementLabelTextFactory.cs
		DeadCode\SettlementPresenter.cs = DeadCode\SettlementPresenter.cs
		DeadCode\SettlementReportGenerator.cs = DeadCode\SettlementReportGenerator.cs
		DeadCode\SettlementView.cs = DeadCode\SettlementView.cs
		DeadCode\ShipAttackTask.cs = DeadCode\ShipAttackTask.cs
		DeadCode\ShipCaptain.cs = DeadCode\ShipCaptain.cs
		DeadCode\ShipCtxControl_AI.cs = DeadCode\ShipCtxControl_AI.cs
		DeadCode\ShipData.cs = DeadCode\ShipData.cs
		DeadCode\ShipFSM.cs = DeadCode\ShipFSM.cs
		DeadCode\ShipGraphics.cs = DeadCode\ShipGraphics.cs
		DeadCode\ShipGuiHudTextFactory.cs = DeadCode\ShipGuiHudTextFactory.cs
		DeadCode\ShipIdleTask.cs = DeadCode\ShipIdleTask.cs
		DeadCode\ShipItem.cs = DeadCode\ShipItem.cs
		DeadCode\ShipLabelFormatter.cs = DeadCode\ShipLabelFormatter.cs
		DeadCode\ShipLabelTextFactory.cs = DeadCode\ShipLabelTextFactory.cs
		DeadCode\ShipManager.cs = DeadCode\ShipManager.cs
		DeadCode\ShipModel.cs = DeadCode\ShipModel.cs
		DeadCode\ShipMoveTask.cs = DeadCode\ShipMoveTask.cs
		DeadCode\ShipNavigator.cs = DeadCode\ShipNavigator.cs
		DeadCode\ShipOrbit.cs = DeadCode\ShipOrbit.cs
		DeadCode\ShipOrbitSlot.cs = DeadCode\ShipOrbitSlot.cs
		DeadCode\ShipPresenter.cs = DeadCode\ShipPresenter.cs
		DeadCode\ShipPresenter_Player.cs = DeadCode\ShipPresenter_Player.cs
		DeadCode\ShipReportGenerator.cs = DeadCode\ShipReportGenerator.cs
		DeadCode\ShipStat.cs = DeadCode\ShipStat.cs
		DeadCode\ShipState.cs = DeadCode\ShipState.cs
		DeadCode\ShipStats.cs = DeadCode\ShipStats.cs
		DeadCode\ShipView.cs = DeadCode\ShipView.cs
		DeadCode\ShipView_Player.cs = DeadCode\ShipView_Player.cs
		DeadCode\SpeciesFactory.cs = DeadCode\SpeciesFactory.cs
		DeadCode\SphericalHighlight.cs = DeadCode\SphericalHighlight.cs
		DeadCode\Star.cs = DeadCode\Star.cs
		DeadCode\StarAnimator.cs = DeadCode\StarAnimator.cs
		DeadCode\StarbaseCmdData.cs = DeadCode\StarbaseCmdData.cs
		DeadCode\StarbaseCmdModel.cs = DeadCode\StarbaseCmdModel.cs
		DeadCode\StarbaseCmdPresenter.cs = DeadCode\StarbaseCmdPresenter.cs
		DeadCode\StarbaseCmdPresenter_AI.cs = DeadCode\StarbaseCmdPresenter_AI.cs
		DeadCode\StarbaseCmdPresenter_Player.cs = DeadCode\StarbaseCmdPresenter_Player.cs
		DeadCode\StarbaseCmdStat.cs = DeadCode\StarbaseCmdStat.cs
		DeadCode\StarbaseCmdStats.cs = DeadCode\StarbaseCmdStats.cs
		DeadCode\StarbaseCmdView.cs = DeadCode\StarbaseCmdView.cs
		DeadCode\StarbaseCmdView_AI.cs = DeadCode\StarbaseCmdView_AI.cs
		DeadCode\StarbaseCmdView_Player.cs = DeadCode\StarbaseCmdView_Player.cs
		DeadCode\StarBaseData.cs = DeadCode\StarBaseData.cs
		DeadCode\StarbaseDirective.cs = DeadCode\StarbaseDirective.cs
		DeadCode\StarBaseGuiHudTextFactory.cs = DeadCode\StarBaseGuiHudTextFactory.cs
		DeadCode\StarbaseIconInfoFactory.cs = DeadCode\StarbaseIconInfoFactory.cs
		DeadCode\StarBaseItem.cs = DeadCode\StarBaseItem.cs
		DeadCode\StarbaseLabelFormatter.cs = DeadCode\StarbaseLabelFormatter.cs
		DeadCode\StarbaseLabelTextFactory.cs = DeadCode\StarbaseLabelTextFactory.cs
		DeadCode\StarBasePresenter.cs = DeadCode\StarBasePresenter.cs
		DeadCode\StarbaseReportGenerator.cs = DeadCode\StarbaseReportGenerator.cs
		DeadCode\StarBaseView.cs = DeadCode\StarBaseView.cs
		DeadCode\StarData.cs = DeadCode\StarData.cs
		DeadCode\StarDataReport.cs = DeadCode\StarDataReport.cs
		DeadCode\StarGlowAnimator.cs = DeadCode\StarGlowAnimator.cs
		DeadCode\StarGraphics.cs = DeadCode\StarGraphics.cs
		DeadCode\StarGuiHudTextFactory.cs = DeadCode\StarGuiHudTextFactory.cs
		DeadCode\StarLabelFormatter.cs = DeadCode\StarLabelFormatter.cs
		DeadCode\StarLabelTextFactory.cs = DeadCode\StarLabelTextFactory.cs
		DeadCode\StarModel.cs = DeadCode\StarModel.cs
		DeadCode\StarPresenter.cs = DeadCode\StarPresenter.cs
		DeadCode\StarReportGenerator.cs = DeadCode\StarReportGenerator.cs
		DeadCode\StarView.cs = DeadCode\StarView.cs
		DeadCode\StationaryItem.cs = DeadCode\StationaryItem.cs
		DeadCode\StrategicResourcesGuiElement.cs = DeadCode\StrategicResourcesGuiElement.cs
		DeadCode\StrengthGuiElement.cs = DeadCode\StrengthGuiElement.cs
		DeadCode\SystemComposition.cs = DeadCode\SystemComposition.cs
		DeadCode\SystemCreator.cs = DeadCode\SystemCreator.cs
		DeadCode\SystemCtxControl_Player.cs = DeadCode\SystemCtxControl_Player.cs
		DeadCode\SystemData.cs = DeadCode\SystemData.cs
		DeadCode\SystemGraphics.cs = DeadCode\SystemGraphics.cs
		DeadCode\SystemGuiHudTextFactory.cs = DeadCode\SystemGuiHudTextFactory.cs
		DeadCode\SystemHudManager.cs = DeadCode\SystemHudManager.cs
		DeadCode\SystemLabelFormatter.cs = DeadCode\SystemLabelFormatter.cs
		DeadCode\SystemLabelText.cs = DeadCode\SystemLabelText.cs
		DeadCode\SystemLabelTextFactory.cs = DeadCode\SystemLabelTextFactory.cs
		DeadCode\SystemManager.cs = DeadCode\SystemManager.cs
		DeadCode\SystemModel.cs = DeadCode\SystemModel.cs
		DeadCode\SystemPresenter.cs = DeadCode\SystemPresenter.cs
		DeadCode\SystemReportGenerator.cs = DeadCode\SystemReportGenerator.cs
		DeadCode\SystemsScreenManager.cs = DeadCode\SystemsScreenManager.cs
		DeadCode\SystemView.cs = DeadCode\SystemView.cs
		DeadCode\TableRowOrganizer.cs = DeadCode\TableRowOrganizer.cs
		DeadCode\TextHudForm.cs = DeadCode\TextHudForm.cs
		DeadCode\TextHudFormContent.cs = DeadCode\TextHudFormContent.cs
		DeadCode\Tooltip.cs = DeadCode\Tooltip.cs
		DeadCode\TransformExtensions.cs = DeadCode\TransformExtensions.cs
		DeadCode\TriggerTracker.cs = DeadCode\TriggerTracker.cs
		DeadCode\UnconsumedMouseButtonClick.cs = DeadCode\UnconsumedMouseButtonClick.cs
		DeadCode\UnconsumedMouseButtonPress.cs = DeadCode\UnconsumedMouseButtonPress.cs
		DeadCode\UnitDestinationOrder.cs = DeadCode\UnitDestinationOrder.cs
		DeadCode\UnitMoveOrder.cs = DeadCode\UnitMoveOrder.cs
		DeadCode\UnitOrder.cs = DeadCode\UnitOrder.cs
		DeadCode\UnitTargetOrder.cs = DeadCode\UnitTargetOrder.cs
		DeadCode\UniverseCenter.cs = DeadCode\UniverseCenter.cs
		DeadCode\UniverseCenterData.cs = DeadCode\UniverseCenterData.cs
		DeadCode\UniverseCenterGuiHudTextFactory.cs = DeadCode\UniverseCenterGuiHudTextFactory.cs
		DeadCode\UniverseCenterLabelFormatter.cs = DeadCode\UniverseCenterLabelFormatter.cs
		DeadCode\UniverseCenterLabelTextFactory.cs = DeadCode\UniverseCenterLabelTextFactory.cs
		DeadCode\UniverseCenterModel.cs = DeadCode\UniverseCenterModel.cs
		DeadCode\UniverseCenterPresenter.cs = DeadCode\UniverseCenterPresenter.cs
		DeadCode\UniverseCenterReportGenerator.cs = DeadCode\UniverseCenterReportGenerator.cs
		DeadCode\UniverseCenterView.cs = DeadCode\UniverseCenterView.cs
		DeadCode\VectorLineFactory.cs = DeadCode\VectorLineFactory.cs
		DeadCode\VelocityRay.cs = DeadCode\VelocityRay.cs
		DeadCode\View.cs = DeadCode\View.cs
		DeadCode\ViewDisplayMode.cs = DeadCode\ViewDisplayMode.cs
		DeadCode\ViewModeKeys.cs = DeadCode\ViewModeKeys.cs
		DeadCode\WeaponStat.cs = DeadCode\WeaponStat.cs
		DeadCode\XYield.cs = DeadCode\XYield.cs
		DeadCode\ZoomOutOnCursorOptionChangedEvent.cs = DeadCode\ZoomOutOnCursorOptionChangedEvent.cs
	EndProjectSection
EndProject
Project("{FAE04EC0-301F-11D3-BF4B-00C04F79EFBC}") = "PoolManager", "..\..\Plugins\PoolManager\PoolManager.csproj", "{BFD6CF0B-1826-49F8-8102-5C2ED1294A71}"
EndProject
Project("{FAE04EC0-301F-11D3-BF4B-00C04F79EFBC}") = "GridFramework2", "..\..\Plugins\GridFramework2\GridFramework2.csproj", "{A8831D30-DF32-47B0-8070-BF23E8FEBE53}"
EndProject
Global
	GlobalSection(SolutionConfigurationPlatforms) = preSolution
		Debug|Any CPU = Debug|Any CPU
		Release|Any CPU = Release|Any CPU
	EndGlobalSection
	GlobalSection(ProjectConfigurationPlatforms) = postSolution
		{1557C03E-56EE-4C70-9BD8-AB637D3191CF}.Debug|Any CPU.ActiveCfg = Debug|Any CPU
		{1557C03E-56EE-4C70-9BD8-AB637D3191CF}.Debug|Any CPU.Build.0 = Debug|Any CPU
		{1557C03E-56EE-4C70-9BD8-AB637D3191CF}.Release|Any CPU.ActiveCfg = Release|Any CPU
		{1557C03E-56EE-4C70-9BD8-AB637D3191CF}.Release|Any CPU.Build.0 = Release|Any CPU
		{67D035D3-27EE-47C3-B3DF-96D43139DB9A}.Debug|Any CPU.ActiveCfg = Debug|Any CPU
		{67D035D3-27EE-47C3-B3DF-96D43139DB9A}.Debug|Any CPU.Build.0 = Debug|Any CPU
		{67D035D3-27EE-47C3-B3DF-96D43139DB9A}.Release|Any CPU.ActiveCfg = Release|Any CPU
		{67D035D3-27EE-47C3-B3DF-96D43139DB9A}.Release|Any CPU.Build.0 = Release|Any CPU
		{30988A11-A4F0-4FDC-82D5-41B87EA410BE}.Debug|Any CPU.ActiveCfg = Debug|Any CPU
		{30988A11-A4F0-4FDC-82D5-41B87EA410BE}.Debug|Any CPU.Build.0 = Debug|Any CPU
		{30988A11-A4F0-4FDC-82D5-41B87EA410BE}.Release|Any CPU.ActiveCfg = Release|Any CPU
		{30988A11-A4F0-4FDC-82D5-41B87EA410BE}.Release|Any CPU.Build.0 = Release|Any CPU
		{129DCF86-4FC5-4CAF-AAFE-911EFC560E10}.Debug|Any CPU.ActiveCfg = Debug|Any CPU
		{129DCF86-4FC5-4CAF-AAFE-911EFC560E10}.Debug|Any CPU.Build.0 = Debug|Any CPU
		{129DCF86-4FC5-4CAF-AAFE-911EFC560E10}.Release|Any CPU.ActiveCfg = Release|Any CPU
		{129DCF86-4FC5-4CAF-AAFE-911EFC560E10}.Release|Any CPU.Build.0 = Release|Any CPU
		{84AB84FA-983B-4FB8-BFD9-34D3B93D8000}.Debug|Any CPU.ActiveCfg = Debug|Any CPU
		{84AB84FA-983B-4FB8-BFD9-34D3B93D8000}.Debug|Any CPU.Build.0 = Debug|Any CPU
		{84AB84FA-983B-4FB8-BFD9-34D3B93D8000}.Release|Any CPU.ActiveCfg = Release|Any CPU
		{84AB84FA-983B-4FB8-BFD9-34D3B93D8000}.Release|Any CPU.Build.0 = Release|Any CPU
		{9C8574A4-64BA-49B1-B66D-7572ECFFFCFB}.Debug|Any CPU.ActiveCfg = Debug|Any CPU
		{9C8574A4-64BA-49B1-B66D-7572ECFFFCFB}.Debug|Any CPU.Build.0 = Debug|Any CPU
		{9C8574A4-64BA-49B1-B66D-7572ECFFFCFB}.Release|Any CPU.ActiveCfg = Release|Any CPU
		{9C8574A4-64BA-49B1-B66D-7572ECFFFCFB}.Release|Any CPU.Build.0 = Release|Any CPU
		{F73E89C2-76BB-41CE-9407-E9043058DB70}.Debug|Any CPU.ActiveCfg = Debug|Any CPU
		{F73E89C2-76BB-41CE-9407-E9043058DB70}.Debug|Any CPU.Build.0 = Debug|Any CPU
		{F73E89C2-76BB-41CE-9407-E9043058DB70}.Release|Any CPU.ActiveCfg = Release|Any CPU
		{F73E89C2-76BB-41CE-9407-E9043058DB70}.Release|Any CPU.Build.0 = Release|Any CPU
		{AC0F8B23-DD41-4BAB-A967-AA2C33BB1D0B}.Debug|Any CPU.ActiveCfg = Debug|Any CPU
		{AC0F8B23-DD41-4BAB-A967-AA2C33BB1D0B}.Debug|Any CPU.Build.0 = Debug|Any CPU
		{AC0F8B23-DD41-4BAB-A967-AA2C33BB1D0B}.Release|Any CPU.ActiveCfg = Release|Any CPU
		{AC0F8B23-DD41-4BAB-A967-AA2C33BB1D0B}.Release|Any CPU.Build.0 = Release|Any CPU
		{7E32BD55-F315-4BDE-885C-646841C273F7}.Debug|Any CPU.ActiveCfg = Debug|Any CPU
		{7E32BD55-F315-4BDE-885C-646841C273F7}.Debug|Any CPU.Build.0 = Debug|Any CPU
		{7E32BD55-F315-4BDE-885C-646841C273F7}.Release|Any CPU.ActiveCfg = Release|Any CPU
		{7E32BD55-F315-4BDE-885C-646841C273F7}.Release|Any CPU.Build.0 = Release|Any CPU
		{89B92DFD-410D-4E95-BF4E-4A42868C5AE3}.Debug|Any CPU.ActiveCfg = Debug|Any CPU
		{89B92DFD-410D-4E95-BF4E-4A42868C5AE3}.Debug|Any CPU.Build.0 = Debug|Any CPU
		{89B92DFD-410D-4E95-BF4E-4A42868C5AE3}.Release|Any CPU.ActiveCfg = Release|Any CPU
		{89B92DFD-410D-4E95-BF4E-4A42868C5AE3}.Release|Any CPU.Build.0 = Release|Any CPU
		{742472E2-310C-430C-A59B-1B527D852181}.Debug|Any CPU.ActiveCfg = Debug|Any CPU
		{742472E2-310C-430C-A59B-1B527D852181}.Debug|Any CPU.Build.0 = Debug|Any CPU
		{742472E2-310C-430C-A59B-1B527D852181}.Release|Any CPU.ActiveCfg = Release|Any CPU
		{742472E2-310C-430C-A59B-1B527D852181}.Release|Any CPU.Build.0 = Release|Any CPU
		{6150DE6A-13CE-45C9-9254-1486A6BC6661}.Debug|Any CPU.ActiveCfg = Debug|Any CPU
		{6150DE6A-13CE-45C9-9254-1486A6BC6661}.Debug|Any CPU.Build.0 = Debug|Any CPU
		{6150DE6A-13CE-45C9-9254-1486A6BC6661}.Release|Any CPU.ActiveCfg = Release|Any CPU
		{6150DE6A-13CE-45C9-9254-1486A6BC6661}.Release|Any CPU.Build.0 = Release|Any CPU
		{99D34A21-2FF7-4FB8-89B6-2552CE630941}.Debug|Any CPU.ActiveCfg = Debug|Any CPU
		{99D34A21-2FF7-4FB8-89B6-2552CE630941}.Debug|Any CPU.Build.0 = Debug|Any CPU
		{99D34A21-2FF7-4FB8-89B6-2552CE630941}.Release|Any CPU.ActiveCfg = Release|Any CPU
		{99D34A21-2FF7-4FB8-89B6-2552CE630941}.Release|Any CPU.Build.0 = Release|Any CPU
		{BFD6CF0B-1826-49F8-8102-5C2ED1294A71}.Debug|Any CPU.ActiveCfg = Debug|Any CPU
		{BFD6CF0B-1826-49F8-8102-5C2ED1294A71}.Debug|Any CPU.Build.0 = Debug|Any CPU
		{BFD6CF0B-1826-49F8-8102-5C2ED1294A71}.Release|Any CPU.ActiveCfg = Release|Any CPU
		{BFD6CF0B-1826-49F8-8102-5C2ED1294A71}.Release|Any CPU.Build.0 = Release|Any CPU
		{A8831D30-DF32-47B0-8070-BF23E8FEBE53}.Debug|Any CPU.ActiveCfg = Debug|Any CPU
		{A8831D30-DF32-47B0-8070-BF23E8FEBE53}.Debug|Any CPU.Build.0 = Debug|Any CPU
		{A8831D30-DF32-47B0-8070-BF23E8FEBE53}.Release|Any CPU.ActiveCfg = Release|Any CPU
		{A8831D30-DF32-47B0-8070-BF23E8FEBE53}.Release|Any CPU.Build.0 = Release|Any CPU
	EndGlobalSection
	GlobalSection(SolutionProperties) = preSolution
		HideSolutionNode = FALSE
	EndGlobalSection
	GlobalSection(NestedProjects) = preSolution
		{2963CF2F-1606-484D-9F4B-61A9C9872F41} = {F3C8D421-1D12-4B2D-B500-B261B04BA5C6}
		{5A9CBCC8-54ED-4987-9001-99015BA18C5C} = {2963CF2F-1606-484D-9F4B-61A9C9872F41}
		{AC0F8B23-DD41-4BAB-A967-AA2C33BB1D0B} = {63764D99-5C21-4125-9DB9-F76DE1415D52}
		{7E32BD55-F315-4BDE-885C-646841C273F7} = {63764D99-5C21-4125-9DB9-F76DE1415D52}
		{89B92DFD-410D-4E95-BF4E-4A42868C5AE3} = {63764D99-5C21-4125-9DB9-F76DE1415D52}
		{742472E2-310C-430C-A59B-1B527D852181} = {63764D99-5C21-4125-9DB9-F76DE1415D52}
		{6150DE6A-13CE-45C9-9254-1486A6BC6661} = {63764D99-5C21-4125-9DB9-F76DE1415D52}
		{99D34A21-2FF7-4FB8-89B6-2552CE630941} = {63764D99-5C21-4125-9DB9-F76DE1415D52}
		{F1A439E5-BEAD-4292-B4F1-A14733522D52} = {F3C8D421-1D12-4B2D-B500-B261B04BA5C6}
		{BFD6CF0B-1826-49F8-8102-5C2ED1294A71} = {63764D99-5C21-4125-9DB9-F76DE1415D52}
		{A8831D30-DF32-47B0-8070-BF23E8FEBE53} = {63764D99-5C21-4125-9DB9-F76DE1415D52}
	EndGlobalSection
EndGlobal
