
Microsoft Visual Studio Solution File, Format Version 12.00
# Visual Studio 2012
Project("{FAE04EC0-301F-11D3-BF4B-00C04F79EFBC}") = "CodeEnv.Master.Common", "CodeEnv.Master.Common\CodeEnv.Master.Common.csproj", "{1557C03E-56EE-4C70-9BD8-AB637D3191CF}"
EndProject
Project("{2150E333-8FDC-42A3-9474-1A3956D46DE8}") = "Solution Items", "Solution Items", "{F3C8D421-1D12-4B2D-B500-B261B04BA5C6}"
	ProjectSection(SolutionItems) = preProject
		..\RunBuildMgr.bat = ..\RunBuildMgr.bat
	EndProjectSection
EndProject
Project("{FAE04EC0-301F-11D3-BF4B-00C04F79EFBC}") = "CodeEnv.Master.GameLauncherApp", "CodeEnv.Master.GameLauncherApp\CodeEnv.Master.GameLauncherApp.csproj", "{47FFAD02-FC0F-408D-9F8D-1E18F057C19B}"
EndProject
Project("{FAE04EC0-301F-11D3-BF4B-00C04F79EFBC}") = "CodeEnv.Master.Common.Tests", "CodeEnv.Master.Common.Tests\CodeEnv.Master.Common.Tests.csproj", "{67D035D3-27EE-47C3-B3DF-96D43139DB9A}"
EndProject
Project("{FAE04EC0-301F-11D3-BF4B-00C04F79EFBC}") = "CodeEnv.Master.Common.LocalResources", "CodeEnv.Master.Common.LocalResources\CodeEnv.Master.Common.LocalResources.csproj", "{30988A11-A4F0-4FDC-82D5-41B87EA410BE}"
EndProject
Project("{FAE04EC0-301F-11D3-BF4B-00C04F79EFBC}") = "CodeEnv.Master.Common.Unity", "CodeEnv.Master.Common.Unity\CodeEnv.Master.Common.Unity.csproj", "{129DCF86-4FC5-4CAF-AAFE-911EFC560E10}"
EndProject
Project("{FAE04EC0-301F-11D3-BF4B-00C04F79EFBC}") = "CodeEnv.Master.GameScriptsFactory", "CodeEnv.Master.GameScriptsFactory\CodeEnv.Master.GameScriptsFactory.csproj", "{84AB84FA-983B-4FB8-BFD9-34D3B93D8000}"
EndProject
Project("{FAE04EC0-301F-11D3-BF4B-00C04F79EFBC}") = "CodeEnv.Master.ExternalMonoBehaviours", "CodeEnv.Master.ExternalMonoBehaviours\CodeEnv.Master.ExternalMonoBehaviours.csproj", "{9C8574A4-64BA-49B1-B66D-7572ECFFFCFB}"
EndProject
Project("{FAE04EC0-301F-11D3-BF4B-00C04F79EFBC}") = "CodeEnv.Master.EditorScriptsFactory", "CodeEnv.Master.EditorScriptsFactory\CodeEnv.Master.EditorScriptsFactory.csproj", "{F73E89C2-76BB-41CE-9407-E9043058DB70}"
EndProject
Project("{2150E333-8FDC-42A3-9474-1A3956D46DE8}") = "ReferencedProjects", "ReferencedProjects", "{63764D99-5C21-4125-9DB9-F76DE1415D52}"
EndProject
Project("{FAE04EC0-301F-11D3-BF4B-00C04F79EFBC}") = "CodeEnv.Master.Zonked", "CodeEnv.Master.Zonked\CodeEnv.Master.Zonked.csproj", "{ADF56DC3-1FAB-4EA4-A28F-8FB1EDC450DC}"
EndProject
Project("{2150E333-8FDC-42A3-9474-1A3956D46DE8}") = "DataLibrary", "DataLibrary", "{2963CF2F-1606-484D-9F4B-61A9C9872F41}"
	ProjectSection(SolutionItems) = preProject
		DataLibrary\AnimationSettings.xml = DataLibrary\AnimationSettings.xml
		DataLibrary\DebugSettings.xml = DataLibrary\DebugSettings.xml
		DataLibrary\GameClockSpeed.xml = DataLibrary\GameClockSpeed.xml
		DataLibrary\GeneralSettings.xml = DataLibrary\GeneralSettings.xml
		DataLibrary\UniverseSize.xml = DataLibrary\UniverseSize.xml
	EndProjectSection
EndProject
Project("{2150E333-8FDC-42A3-9474-1A3956D46DE8}") = "Schemas", "Schemas", "{5A9CBCC8-54ED-4987-9001-99015BA18C5C}"
	ProjectSection(SolutionItems) = preProject
		DataLibrary\Schemas\EnumValues.xsd = DataLibrary\Schemas\EnumValues.xsd
		DataLibrary\Schemas\Values.xsd = DataLibrary\Schemas\Values.xsd
	EndProjectSection
EndProject
Global
	GlobalSection(SolutionConfigurationPlatforms) = preSolution
		Debug|Any CPU = Debug|Any CPU
		Release|Any CPU = Release|Any CPU
	EndGlobalSection
	GlobalSection(ProjectConfigurationPlatforms) = postSolution
		{1557C03E-56EE-4C70-9BD8-AB637D3191CF}.Debug|Any CPU.ActiveCfg = Debug|Any CPU
		{1557C03E-56EE-4C70-9BD8-AB637D3191CF}.Debug|Any CPU.Build.0 = Debug|Any CPU
		{1557C03E-56EE-4C70-9BD8-AB637D3191CF}.Release|Any CPU.ActiveCfg = Release|Any CPU
		{1557C03E-56EE-4C70-9BD8-AB637D3191CF}.Release|Any CPU.Build.0 = Release|Any CPU
		{47FFAD02-FC0F-408D-9F8D-1E18F057C19B}.Debug|Any CPU.ActiveCfg = Debug|Any CPU
		{47FFAD02-FC0F-408D-9F8D-1E18F057C19B}.Debug|Any CPU.Build.0 = Debug|Any CPU
		{47FFAD02-FC0F-408D-9F8D-1E18F057C19B}.Release|Any CPU.ActiveCfg = Release|Any CPU
		{47FFAD02-FC0F-408D-9F8D-1E18F057C19B}.Release|Any CPU.Build.0 = Release|Any CPU
		{67D035D3-27EE-47C3-B3DF-96D43139DB9A}.Debug|Any CPU.ActiveCfg = Debug|Any CPU
		{67D035D3-27EE-47C3-B3DF-96D43139DB9A}.Debug|Any CPU.Build.0 = Debug|Any CPU
		{67D035D3-27EE-47C3-B3DF-96D43139DB9A}.Release|Any CPU.ActiveCfg = Release|Any CPU
		{67D035D3-27EE-47C3-B3DF-96D43139DB9A}.Release|Any CPU.Build.0 = Release|Any CPU
		{30988A11-A4F0-4FDC-82D5-41B87EA410BE}.Debug|Any CPU.ActiveCfg = Debug|Any CPU
		{30988A11-A4F0-4FDC-82D5-41B87EA410BE}.Debug|Any CPU.Build.0 = Debug|Any CPU
		{30988A11-A4F0-4FDC-82D5-41B87EA410BE}.Release|Any CPU.ActiveCfg = Release|Any CPU
		{30988A11-A4F0-4FDC-82D5-41B87EA410BE}.Release|Any CPU.Build.0 = Release|Any CPU
		{129DCF86-4FC5-4CAF-AAFE-911EFC560E10}.Debug|Any CPU.ActiveCfg = Debug|Any CPU
		{129DCF86-4FC5-4CAF-AAFE-911EFC560E10}.Debug|Any CPU.Build.0 = Debug|Any CPU
		{129DCF86-4FC5-4CAF-AAFE-911EFC560E10}.Release|Any CPU.ActiveCfg = Release|Any CPU
		{129DCF86-4FC5-4CAF-AAFE-911EFC560E10}.Release|Any CPU.Build.0 = Release|Any CPU
		{84AB84FA-983B-4FB8-BFD9-34D3B93D8000}.Debug|Any CPU.ActiveCfg = Debug|Any CPU
		{84AB84FA-983B-4FB8-BFD9-34D3B93D8000}.Debug|Any CPU.Build.0 = Debug|Any CPU
		{84AB84FA-983B-4FB8-BFD9-34D3B93D8000}.Release|Any CPU.ActiveCfg = Release|Any CPU
		{84AB84FA-983B-4FB8-BFD9-34D3B93D8000}.Release|Any CPU.Build.0 = Release|Any CPU
		{9C8574A4-64BA-49B1-B66D-7572ECFFFCFB}.Debug|Any CPU.ActiveCfg = Debug|Any CPU
		{9C8574A4-64BA-49B1-B66D-7572ECFFFCFB}.Debug|Any CPU.Build.0 = Debug|Any CPU
		{9C8574A4-64BA-49B1-B66D-7572ECFFFCFB}.Release|Any CPU.ActiveCfg = Release|Any CPU
		{9C8574A4-64BA-49B1-B66D-7572ECFFFCFB}.Release|Any CPU.Build.0 = Release|Any CPU
		{F73E89C2-76BB-41CE-9407-E9043058DB70}.Debug|Any CPU.ActiveCfg = Debug|Any CPU
		{F73E89C2-76BB-41CE-9407-E9043058DB70}.Debug|Any CPU.Build.0 = Debug|Any CPU
		{F73E89C2-76BB-41CE-9407-E9043058DB70}.Release|Any CPU.ActiveCfg = Release|Any CPU
		{F73E89C2-76BB-41CE-9407-E9043058DB70}.Release|Any CPU.Build.0 = Release|Any CPU
		{ADF56DC3-1FAB-4EA4-A28F-8FB1EDC450DC}.Debug|Any CPU.ActiveCfg = Debug|Any CPU
		{ADF56DC3-1FAB-4EA4-A28F-8FB1EDC450DC}.Release|Any CPU.ActiveCfg = Release|Any CPU
	EndGlobalSection
	GlobalSection(SolutionProperties) = preSolution
		HideSolutionNode = FALSE
	EndGlobalSection
	GlobalSection(NestedProjects) = preSolution
		{2963CF2F-1606-484D-9F4B-61A9C9872F41} = {F3C8D421-1D12-4B2D-B500-B261B04BA5C6}
		{5A9CBCC8-54ED-4987-9001-99015BA18C5C} = {2963CF2F-1606-484D-9F4B-61A9C9872F41}
	EndGlobalSection
EndGlobal
